// !$*UTF8*$!
{
	archiveVersion = 1;
	classes = {
	};
	objectVersion = 56;
	objects = {

/* Begin PBXBuildFile section */
		5328FAB02B70C4E9002A4910 /* ButtonCustomModifier.swift in Sources */ = {isa = PBXBuildFile; fileRef = 5328FAAF2B70C4E9002A4910 /* ButtonCustomModifier.swift */; };
		5328FAB42B70CC01002A4910 /* View+Extension.swift in Sources */ = {isa = PBXBuildFile; fileRef = 5328FAB32B70CC01002A4910 /* View+Extension.swift */; };
		5328FAB62B70CD18002A4910 /* MainReadyView.swift in Sources */ = {isa = PBXBuildFile; fileRef = 5328FAB52B70CD18002A4910 /* MainReadyView.swift */; };
		536831752B710DCA00A58D3C /* MainNumberView.swift in Sources */ = {isa = PBXBuildFile; fileRef = 536831742B710DCA00A58D3C /* MainNumberView.swift */; };
		53F0FFA52B721EBB008E602A /* FilterBasicView.swift in Sources */ = {isa = PBXBuildFile; fileRef = 53F0FFA42B721EBB008E602A /* FilterBasicView.swift */; };
		53F0FFA72B722163008E602A /* TextFieldCustomModifier.swift in Sources */ = {isa = PBXBuildFile; fileRef = 53F0FFA62B722163008E602A /* TextFieldCustomModifier.swift */; };
		53FA36542B70837E00BEEF36 /* UpnBeApp.swift in Sources */ = {isa = PBXBuildFile; fileRef = 53FA36532B70837E00BEEF36 /* UpnBeApp.swift */; };
		53FA36562B70837E00BEEF36 /* ContentView.swift in Sources */ = {isa = PBXBuildFile; fileRef = 53FA36552B70837E00BEEF36 /* ContentView.swift */; };
		53FA36582B70838000BEEF36 /* Assets.xcassets in Resources */ = {isa = PBXBuildFile; fileRef = 53FA36572B70838000BEEF36 /* Assets.xcassets */; };
		53FA365B2B70838000BEEF36 /* Preview Assets.xcassets in Resources */ = {isa = PBXBuildFile; fileRef = 53FA365A2B70838000BEEF36 /* Preview Assets.xcassets */; };
		53FA36662B70842D00BEEF36 /* NotoSans-Medium.ttf in Resources */ = {isa = PBXBuildFile; fileRef = 53FA36632B70842D00BEEF36 /* NotoSans-Medium.ttf */; };
		53FA36672B70842D00BEEF36 /* Font+Extension.swift in Sources */ = {isa = PBXBuildFile; fileRef = 53FA36642B70842D00BEEF36 /* Font+Extension.swift */; };
		53FA36682B70842D00BEEF36 /* NotoSans-ExtraBold.ttf in Resources */ = {isa = PBXBuildFile; fileRef = 53FA36652B70842D00BEEF36 /* NotoSans-ExtraBold.ttf */; };
		53FA366F2B70BC4C00BEEF36 /* MainChoiceView.swift in Sources */ = {isa = PBXBuildFile; fileRef = 53FA366E2B70BC4C00BEEF36 /* MainChoiceView.swift */; };
/* End PBXBuildFile section */

/* Begin PBXFileReference section */
		5328FAAF2B70C4E9002A4910 /* ButtonCustomModifier.swift */ = {isa = PBXFileReference; lastKnownFileType = sourcecode.swift; path = ButtonCustomModifier.swift; sourceTree = "<group>"; };
		5328FAB32B70CC01002A4910 /* View+Extension.swift */ = {isa = PBXFileReference; lastKnownFileType = sourcecode.swift; path = "View+Extension.swift"; sourceTree = "<group>"; };
		5328FAB52B70CD18002A4910 /* MainReadyView.swift */ = {isa = PBXFileReference; lastKnownFileType = sourcecode.swift; path = MainReadyView.swift; sourceTree = "<group>"; };
		536831742B710DCA00A58D3C /* MainNumberView.swift */ = {isa = PBXFileReference; lastKnownFileType = sourcecode.swift; path = MainNumberView.swift; sourceTree = "<group>"; };
		53F0FFA42B721EBB008E602A /* FilterBasicView.swift */ = {isa = PBXFileReference; lastKnownFileType = sourcecode.swift; path = FilterBasicView.swift; sourceTree = "<group>"; };
		53F0FFA62B722163008E602A /* TextFieldCustomModifier.swift */ = {isa = PBXFileReference; lastKnownFileType = sourcecode.swift; path = TextFieldCustomModifier.swift; sourceTree = "<group>"; };
		53FA36502B70837E00BEEF36 /* UpnBe.app */ = {isa = PBXFileReference; explicitFileType = wrapper.application; includeInIndex = 0; path = UpnBe.app; sourceTree = BUILT_PRODUCTS_DIR; };
		53FA36532B70837E00BEEF36 /* UpnBeApp.swift */ = {isa = PBXFileReference; lastKnownFileType = sourcecode.swift; path = UpnBeApp.swift; sourceTree = "<group>"; };
		53FA36552B70837E00BEEF36 /* ContentView.swift */ = {isa = PBXFileReference; lastKnownFileType = sourcecode.swift; path = ContentView.swift; sourceTree = "<group>"; };
		53FA36572B70838000BEEF36 /* Assets.xcassets */ = {isa = PBXFileReference; lastKnownFileType = folder.assetcatalog; path = Assets.xcassets; sourceTree = "<group>"; };
		53FA365A2B70838000BEEF36 /* Preview Assets.xcassets */ = {isa = PBXFileReference; lastKnownFileType = folder.assetcatalog; path = "Preview Assets.xcassets"; sourceTree = "<group>"; };
		53FA36632B70842D00BEEF36 /* NotoSans-Medium.ttf */ = {isa = PBXFileReference; lastKnownFileType = file; path = "NotoSans-Medium.ttf"; sourceTree = "<group>"; };
		53FA36642B70842D00BEEF36 /* Font+Extension.swift */ = {isa = PBXFileReference; fileEncoding = 4; lastKnownFileType = sourcecode.swift; path = "Font+Extension.swift"; sourceTree = "<group>"; };
		53FA36652B70842D00BEEF36 /* NotoSans-ExtraBold.ttf */ = {isa = PBXFileReference; lastKnownFileType = file; path = "NotoSans-ExtraBold.ttf"; sourceTree = "<group>"; };
		53FA366C2B70BBF200BEEF36 /* Info.plist */ = {isa = PBXFileReference; lastKnownFileType = text.plist.xml; path = Info.plist; sourceTree = "<group>"; };
		53FA366E2B70BC4C00BEEF36 /* MainChoiceView.swift */ = {isa = PBXFileReference; lastKnownFileType = sourcecode.swift; path = MainChoiceView.swift; sourceTree = "<group>"; };
/* End PBXFileReference section */

/* Begin PBXFrameworksBuildPhase section */
		53FA364D2B70837E00BEEF36 /* Frameworks */ = {
			isa = PBXFrameworksBuildPhase;
			buildActionMask = 2147483647;
			files = (
			);
			runOnlyForDeploymentPostprocessing = 0;
		};
/* End PBXFrameworksBuildPhase section */

/* Begin PBXGroup section */
		5328FAAC2B70C40E002A4910 /* Extension */ = {
			isa = PBXGroup;
			children = (
				53FA36642B70842D00BEEF36 /* Font+Extension.swift */,
				5328FAB32B70CC01002A4910 /* View+Extension.swift */,
				5328FAB12B70CBDC002A4910 /* Components */,
			);
			path = Extension;
			sourceTree = "<group>";
		};
		5328FAB12B70CBDC002A4910 /* Components */ = {
			isa = PBXGroup;
			children = (
				5328FAAF2B70C4E9002A4910 /* ButtonCustomModifier.swift */,
				53F0FFA62B722163008E602A /* TextFieldCustomModifier.swift */,
			);
			path = Components;
			sourceTree = "<group>";
		};
		53F0FFA12B721E71008E602A /* OnBoarding */ = {
			isa = PBXGroup;
			children = (
				53FA366E2B70BC4C00BEEF36 /* MainChoiceView.swift */,
				5328FAB52B70CD18002A4910 /* MainReadyView.swift */,
				536831742B710DCA00A58D3C /* MainNumberView.swift */,
			);
			path = OnBoarding;
			sourceTree = "<group>";
		};
		53F0FFA22B721E9B008E602A /* TabBar */ = {
			isa = PBXGroup;
			children = (
				53F0FFA32B721EA3008E602A /* 5.Filter */,
			);
			path = TabBar;
			sourceTree = "<group>";
		};
		53F0FFA32B721EA3008E602A /* 5.Filter */ = {
			isa = PBXGroup;
			children = (
				53F0FFA42B721EBB008E602A /* FilterBasicView.swift */,
			);
			path = 5.Filter;
			sourceTree = "<group>";
		};
		53FA36472B70837E00BEEF36 = {
			isa = PBXGroup;
			children = (
				53FA36522B70837E00BEEF36 /* UpnBe */,
				53FA36512B70837E00BEEF36 /* Products */,
			);
			sourceTree = "<group>";
		};
		53FA36512B70837E00BEEF36 /* Products */ = {
			isa = PBXGroup;
			children = (
				53FA36502B70837E00BEEF36 /* UpnBe.app */,
			);
			name = Products;
			sourceTree = "<group>";
		};
		53FA36522B70837E00BEEF36 /* UpnBe */ = {
			isa = PBXGroup;
			children = (
				53FA366C2B70BBF200BEEF36 /* Info.plist */,
				53FA36532B70837E00BEEF36 /* UpnBeApp.swift */,
				53FA36552B70837E00BEEF36 /* ContentView.swift */,
				53FA36592B70838000BEEF36 /* Preview Content */,
				53FA36612B70842D00BEEF36 /* Resource */,
				5328FAAC2B70C40E002A4910 /* Extension */,
				53FA366D2B70BC3100BEEF36 /* View */,
			);
			path = UpnBe;
			sourceTree = "<group>";
		};
		53FA36592B70838000BEEF36 /* Preview Content */ = {
			isa = PBXGroup;
			children = (
				53FA365A2B70838000BEEF36 /* Preview Assets.xcassets */,
			);
			path = "Preview Content";
			sourceTree = "<group>";
		};
		53FA36612B70842D00BEEF36 /* Resource */ = {
			isa = PBXGroup;
			children = (
				53FA36572B70838000BEEF36 /* Assets.xcassets */,
				53FA36622B70842D00BEEF36 /* Font */,
			);
			path = Resource;
			sourceTree = "<group>";
		};
		53FA36622B70842D00BEEF36 /* Font */ = {
			isa = PBXGroup;
			children = (
				53FA36632B70842D00BEEF36 /* NotoSans-Medium.ttf */,
				53FA36652B70842D00BEEF36 /* NotoSans-ExtraBold.ttf */,
			);
			path = Font;
			sourceTree = "<group>";
		};
		53FA366D2B70BC3100BEEF36 /* View */ = {
			isa = PBXGroup;
			children = (
				53F0FFA22B721E9B008E602A /* TabBar */,
				53F0FFA12B721E71008E602A /* OnBoarding */,
			);
			path = View;
			sourceTree = "<group>";
		};
/* End PBXGroup section */

/* Begin PBXNativeTarget section */
		53FA364F2B70837E00BEEF36 /* UpnBe */ = {
			isa = PBXNativeTarget;
			buildConfigurationList = 53FA365E2B70838000BEEF36 /* Build configuration list for PBXNativeTarget "UpnBe" */;
			buildPhases = (
				53FA364C2B70837E00BEEF36 /* Sources */,
				53FA364D2B70837E00BEEF36 /* Frameworks */,
				53FA364E2B70837E00BEEF36 /* Resources */,
			);
			buildRules = (
			);
			dependencies = (
			);
			name = UpnBe;
			productName = UpnBe;
			productReference = 53FA36502B70837E00BEEF36 /* UpnBe.app */;
			productType = "com.apple.product-type.application";
		};
/* End PBXNativeTarget section */

/* Begin PBXProject section */
		53FA36482B70837E00BEEF36 /* Project object */ = {
			isa = PBXProject;
			attributes = {
				BuildIndependentTargetsInParallel = 1;
				LastSwiftUpdateCheck = 1520;
				LastUpgradeCheck = 1520;
				TargetAttributes = {
					53FA364F2B70837E00BEEF36 = {
						CreatedOnToolsVersion = 15.2;
					};
				};
			};
			buildConfigurationList = 53FA364B2B70837E00BEEF36 /* Build configuration list for PBXProject "UpnBe" */;
			compatibilityVersion = "Xcode 14.0";
			developmentRegion = en;
			hasScannedForEncodings = 0;
			knownRegions = (
				en,
				Base,
			);
			mainGroup = 53FA36472B70837E00BEEF36;
			productRefGroup = 53FA36512B70837E00BEEF36 /* Products */;
			projectDirPath = "";
			projectRoot = "";
			targets = (
				53FA364F2B70837E00BEEF36 /* UpnBe */,
			);
		};
/* End PBXProject section */

/* Begin PBXResourcesBuildPhase section */
		53FA364E2B70837E00BEEF36 /* Resources */ = {
			isa = PBXResourcesBuildPhase;
			buildActionMask = 2147483647;
			files = (
				53FA365B2B70838000BEEF36 /* Preview Assets.xcassets in Resources */,
				53FA36682B70842D00BEEF36 /* NotoSans-ExtraBold.ttf in Resources */,
				53FA36582B70838000BEEF36 /* Assets.xcassets in Resources */,
				53FA36662B70842D00BEEF36 /* NotoSans-Medium.ttf in Resources */,
			);
			runOnlyForDeploymentPostprocessing = 0;
		};
/* End PBXResourcesBuildPhase section */

/* Begin PBXSourcesBuildPhase section */
		53FA364C2B70837E00BEEF36 /* Sources */ = {
			isa = PBXSourcesBuildPhase;
			buildActionMask = 2147483647;
			files = (
				536831752B710DCA00A58D3C /* MainNumberView.swift in Sources */,
				53FA36562B70837E00BEEF36 /* ContentView.swift in Sources */,
				5328FAB02B70C4E9002A4910 /* ButtonCustomModifier.swift in Sources */,
				53F0FFA52B721EBB008E602A /* FilterBasicView.swift in Sources */,
				53FA36542B70837E00BEEF36 /* UpnBeApp.swift in Sources */,
				53F0FFA72B722163008E602A /* TextFieldCustomModifier.swift in Sources */,
				53FA36672B70842D00BEEF36 /* Font+Extension.swift in Sources */,
				5328FAB62B70CD18002A4910 /* MainReadyView.swift in Sources */,
				5328FAB42B70CC01002A4910 /* View+Extension.swift in Sources */,
				53FA366F2B70BC4C00BEEF36 /* MainChoiceView.swift in Sources */,
			);
			runOnlyForDeploymentPostprocessing = 0;
		};
/* End PBXSourcesBuildPhase section */

/* Begin XCBuildConfiguration section */
		53FA365C2B70838000BEEF36 /* Debug */ = {
			isa = XCBuildConfiguration;
			buildSettings = {
				ALWAYS_SEARCH_USER_PATHS = NO;
				ASSETCATALOG_COMPILER_GENERATE_SWIFT_ASSET_SYMBOL_EXTENSIONS = YES;
				CLANG_ANALYZER_NONNULL = YES;
				CLANG_ANALYZER_NUMBER_OBJECT_CONVERSION = YES_AGGRESSIVE;
				CLANG_CXX_LANGUAGE_STANDARD = "gnu++20";
				CLANG_ENABLE_MODULES = YES;
				CLANG_ENABLE_OBJC_ARC = YES;
				CLANG_ENABLE_OBJC_WEAK = YES;
				CLANG_WARN_BLOCK_CAPTURE_AUTORELEASING = YES;
				CLANG_WARN_BOOL_CONVERSION = YES;
				CLANG_WARN_COMMA = YES;
				CLANG_WARN_CONSTANT_CONVERSION = YES;
				CLANG_WARN_DEPRECATED_OBJC_IMPLEMENTATIONS = YES;
				CLANG_WARN_DIRECT_OBJC_ISA_USAGE = YES_ERROR;
				CLANG_WARN_DOCUMENTATION_COMMENTS = YES;
				CLANG_WARN_EMPTY_BODY = YES;
				CLANG_WARN_ENUM_CONVERSION = YES;
				CLANG_WARN_INFINITE_RECURSION = YES;
				CLANG_WARN_INT_CONVERSION = YES;
				CLANG_WARN_NON_LITERAL_NULL_CONVERSION = YES;
				CLANG_WARN_OBJC_IMPLICIT_RETAIN_SELF = YES;
				CLANG_WARN_OBJC_LITERAL_CONVERSION = YES;
				CLANG_WARN_OBJC_ROOT_CLASS = YES_ERROR;
				CLANG_WARN_QUOTED_INCLUDE_IN_FRAMEWORK_HEADER = YES;
				CLANG_WARN_RANGE_LOOP_ANALYSIS = YES;
				CLANG_WARN_STRICT_PROTOTYPES = YES;
				CLANG_WARN_SUSPICIOUS_MOVE = YES;
				CLANG_WARN_UNGUARDED_AVAILABILITY = YES_AGGRESSIVE;
				CLANG_WARN_UNREACHABLE_CODE = YES;
				CLANG_WARN__DUPLICATE_METHOD_MATCH = YES;
				COPY_PHASE_STRIP = NO;
				DEBUG_INFORMATION_FORMAT = dwarf;
				ENABLE_STRICT_OBJC_MSGSEND = YES;
				ENABLE_TESTABILITY = YES;
				ENABLE_USER_SCRIPT_SANDBOXING = YES;
				GCC_C_LANGUAGE_STANDARD = gnu17;
				GCC_DYNAMIC_NO_PIC = NO;
				GCC_NO_COMMON_BLOCKS = YES;
				GCC_OPTIMIZATION_LEVEL = 0;
				GCC_PREPROCESSOR_DEFINITIONS = (
					"DEBUG=1",
					"$(inherited)",
				);
				GCC_WARN_64_TO_32_BIT_CONVERSION = YES;
				GCC_WARN_ABOUT_RETURN_TYPE = YES_ERROR;
				GCC_WARN_UNDECLARED_SELECTOR = YES;
				GCC_WARN_UNINITIALIZED_AUTOS = YES_AGGRESSIVE;
				GCC_WARN_UNUSED_FUNCTION = YES;
				GCC_WARN_UNUSED_VARIABLE = YES;
				IPHONEOS_DEPLOYMENT_TARGET = 17.2;
				LOCALIZATION_PREFERS_STRING_CATALOGS = YES;
				MTL_ENABLE_DEBUG_INFO = INCLUDE_SOURCE;
				MTL_FAST_MATH = YES;
				ONLY_ACTIVE_ARCH = YES;
				SDKROOT = iphoneos;
				SWIFT_ACTIVE_COMPILATION_CONDITIONS = "DEBUG $(inherited)";
				SWIFT_OPTIMIZATION_LEVEL = "-Onone";
			};
			name = Debug;
		};
		53FA365D2B70838000BEEF36 /* Release */ = {
			isa = XCBuildConfiguration;
			buildSettings = {
				ALWAYS_SEARCH_USER_PATHS = NO;
				ASSETCATALOG_COMPILER_GENERATE_SWIFT_ASSET_SYMBOL_EXTENSIONS = YES;
				CLANG_ANALYZER_NONNULL = YES;
				CLANG_ANALYZER_NUMBER_OBJECT_CONVERSION = YES_AGGRESSIVE;
				CLANG_CXX_LANGUAGE_STANDARD = "gnu++20";
				CLANG_ENABLE_MODULES = YES;
				CLANG_ENABLE_OBJC_ARC = YES;
				CLANG_ENABLE_OBJC_WEAK = YES;
				CLANG_WARN_BLOCK_CAPTURE_AUTORELEASING = YES;
				CLANG_WARN_BOOL_CONVERSION = YES;
				CLANG_WARN_COMMA = YES;
				CLANG_WARN_CONSTANT_CONVERSION = YES;
				CLANG_WARN_DEPRECATED_OBJC_IMPLEMENTATIONS = YES;
				CLANG_WARN_DIRECT_OBJC_ISA_USAGE = YES_ERROR;
				CLANG_WARN_DOCUMENTATION_COMMENTS = YES;
				CLANG_WARN_EMPTY_BODY = YES;
				CLANG_WARN_ENUM_CONVERSION = YES;
				CLANG_WARN_INFINITE_RECURSION = YES;
				CLANG_WARN_INT_CONVERSION = YES;
				CLANG_WARN_NON_LITERAL_NULL_CONVERSION = YES;
				CLANG_WARN_OBJC_IMPLICIT_RETAIN_SELF = YES;
				CLANG_WARN_OBJC_LITERAL_CONVERSION = YES;
				CLANG_WARN_OBJC_ROOT_CLASS = YES_ERROR;
				CLANG_WARN_QUOTED_INCLUDE_IN_FRAMEWORK_HEADER = YES;
				CLANG_WARN_RANGE_LOOP_ANALYSIS = YES;
				CLANG_WARN_STRICT_PROTOTYPES = YES;
				CLANG_WARN_SUSPICIOUS_MOVE = YES;
				CLANG_WARN_UNGUARDED_AVAILABILITY = YES_AGGRESSIVE;
				CLANG_WARN_UNREACHABLE_CODE = YES;
				CLANG_WARN__DUPLICATE_METHOD_MATCH = YES;
				COPY_PHASE_STRIP = NO;
				DEBUG_INFORMATION_FORMAT = "dwarf-with-dsym";
				ENABLE_NS_ASSERTIONS = NO;
				ENABLE_STRICT_OBJC_MSGSEND = YES;
				ENABLE_USER_SCRIPT_SANDBOXING = YES;
				GCC_C_LANGUAGE_STANDARD = gnu17;
				GCC_NO_COMMON_BLOCKS = YES;
				GCC_WARN_64_TO_32_BIT_CONVERSION = YES;
				GCC_WARN_ABOUT_RETURN_TYPE = YES_ERROR;
				GCC_WARN_UNDECLARED_SELECTOR = YES;
				GCC_WARN_UNINITIALIZED_AUTOS = YES_AGGRESSIVE;
				GCC_WARN_UNUSED_FUNCTION = YES;
				GCC_WARN_UNUSED_VARIABLE = YES;
				IPHONEOS_DEPLOYMENT_TARGET = 17.2;
				LOCALIZATION_PREFERS_STRING_CATALOGS = YES;
				MTL_ENABLE_DEBUG_INFO = NO;
				MTL_FAST_MATH = YES;
				SDKROOT = iphoneos;
				SWIFT_COMPILATION_MODE = wholemodule;
				VALIDATE_PRODUCT = YES;
			};
			name = Release;
		};
		53FA365F2B70838000BEEF36 /* Debug */ = {
			isa = XCBuildConfiguration;
			buildSettings = {
				ASSETCATALOG_COMPILER_APPICON_NAME = AppIcon;
				ASSETCATALOG_COMPILER_GLOBAL_ACCENT_COLOR_NAME = AccentColor;
				CODE_SIGN_STYLE = Automatic;
				CURRENT_PROJECT_VERSION = 1;
				DEVELOPMENT_ASSET_PATHS = "\"UpnBe/Preview Content\"";
				DEVELOPMENT_TEAM = CX8P4D8Z7M;
				ENABLE_PREVIEWS = YES;
				GENERATE_INFOPLIST_FILE = YES;
				INFOPLIST_FILE = UpnBe/Info.plist;
				INFOPLIST_KEY_UIApplicationSceneManifest_Generation = YES;
				INFOPLIST_KEY_UIApplicationSupportsIndirectInputEvents = YES;
				INFOPLIST_KEY_UILaunchScreen_Generation = YES;
				INFOPLIST_KEY_UISupportedInterfaceOrientations_iPad = "UIInterfaceOrientationPortrait UIInterfaceOrientationPortraitUpsideDown UIInterfaceOrientationLandscapeLeft UIInterfaceOrientationLandscapeRight";
				INFOPLIST_KEY_UISupportedInterfaceOrientations_iPhone = "UIInterfaceOrientationPortrait UIInterfaceOrientationLandscapeLeft UIInterfaceOrientationLandscapeRight";
				LD_RUNPATH_SEARCH_PATHS = (
					"$(inherited)",
					"@executable_path/Frameworks",
				);
				MARKETING_VERSION = 1.0;
				PRODUCT_BUNDLE_IDENTIFIER = sk.UpnBe;
				PRODUCT_NAME = "$(TARGET_NAME)";
				SWIFT_EMIT_LOC_STRINGS = YES;
				SWIFT_VERSION = 5.0;
				TARGETED_DEVICE_FAMILY = "1,2";
			};
			name = Debug;
		};
		53FA36602B70838000BEEF36 /* Release */ = {
			isa = XCBuildConfiguration;
			buildSettings = {
				ASSETCATALOG_COMPILER_APPICON_NAME = AppIcon;
				ASSETCATALOG_COMPILER_GLOBAL_ACCENT_COLOR_NAME = AccentColor;
				CODE_SIGN_STYLE = Automatic;
				CURRENT_PROJECT_VERSION = 1;
				DEVELOPMENT_ASSET_PATHS = "\"UpnBe/Preview Content\"";
				DEVELOPMENT_TEAM = CX8P4D8Z7M;
				ENABLE_PREVIEWS = YES;
				GENERATE_INFOPLIST_FILE = YES;
				INFOPLIST_FILE = UpnBe/Info.plist;
				INFOPLIST_KEY_UIApplicationSceneManifest_Generation = YES;
				INFOPLIST_KEY_UIApplicationSupportsIndirectInputEvents = YES;
				INFOPLIST_KEY_UILaunchScreen_Generation = YES;
				INFOPLIST_KEY_UISupportedInterfaceOrientations_iPad = "UIInterfaceOrientationPortrait UIInterfaceOrientationPortraitUpsideDown UIInterfaceOrientationLandscapeLeft UIInterfaceOrientationLandscapeRight";
				INFOPLIST_KEY_UISupportedInterfaceOrientations_iPhone = "UIInterfaceOrientationPortrait UIInterfaceOrientationLandscapeLeft UIInterfaceOrientationLandscapeRight";
				LD_RUNPATH_SEARCH_PATHS = (
					"$(inherited)",
					"@executable_path/Frameworks",
				);
				MARKETING_VERSION = 1.0;
				PRODUCT_BUNDLE_IDENTIFIER = sk.UpnBe;
				PRODUCT_NAME = "$(TARGET_NAME)";
				SWIFT_EMIT_LOC_STRINGS = YES;
				SWIFT_VERSION = 5.0;
				TARGETED_DEVICE_FAMILY = "1,2";
			};
			name = Release;
		};
/* End XCBuildConfiguration section */

/* Begin XCConfigurationList section */
		53FA364B2B70837E00BEEF36 /* Build configuration list for PBXProject "UpnBe" */ = {
			isa = XCConfigurationList;
			buildConfigurations = (
				53FA365C2B70838000BEEF36 /* Debug */,
				53FA365D2B70838000BEEF36 /* Release */,
			);
			defaultConfigurationIsVisible = 0;
			defaultConfigurationName = Release;
		};
		53FA365E2B70838000BEEF36 /* Build configuration list for PBXNativeTarget "UpnBe" */ = {
			isa = XCConfigurationList;
			buildConfigurations = (
				53FA365F2B70838000BEEF36 /* Debug */,
				53FA36602B70838000BEEF36 /* Release */,
			);
			defaultConfigurationIsVisible = 0;
			defaultConfigurationName = Release;
		};
/* End XCConfigurationList section */
	};
	rootObject = 53FA36482B70837E00BEEF36 /* Project object */;
}
